
Microsoft Visual Studio Solution File, Format Version 12.00
# Visual Studio Version 17
VisualStudioVersion = 17.3.32922.545
MinimumVisualStudioVersion = 10.0.40219.1
Project("{9A19103F-16F7-4668-BE54-9A1E7A4F7556}") = "ESCMB.Domain", "ESCMB.Domain\ESCMB.Domain.csproj", "{A6AA3EB2-2143-4AA5-916E-519DC2B7C8AD}"
EndProject
Project("{9A19103F-16F7-4668-BE54-9A1E7A4F7556}") = "ESCMB.Application", "ESCMB.Application\ESCMB.Application.csproj", "{EFB572FC-F0CA-4A1B-B172-B8C34E49A79A}"
EndProject
Project("{9A19103F-16F7-4668-BE54-9A1E7A4F7556}") = "ESCMB.Infraestructure", "ESCMB.Infraestructure\ESCMB.Infraestructure.csproj", "{1A0FA063-9AE1-49E9-B1BE-6F26BF167102}"
EndProject
Project("{9A19103F-16F7-4668-BE54-9A1E7A4F7556}") = "ESCMB.API", "ESCMB.API\ESCMB.API.csproj", "{7629E42A-694E-410D-810A-4523DA147CAC}"
EndProject
Project("{2150E333-8FDC-42A3-9474-1A3956D46DE8}") = "common", "common", "{78ED68F3-7383-442C-8878-E9D54DFF4677}"
EndProject
Project("{2150E333-8FDC-42A3-9474-1A3956D46DE8}") = "project", "project", "{A8D7CD1B-3ACF-4B7E-8701-9F9FA0AE0C9F}"
EndProject
Project("{2150E333-8FDC-42A3-9474-1A3956D46DE8}") = "api", "api", "{FF4454B2-8C09-4D5D-A4A7-65DD0635E603}"
EndProject
Project("{2150E333-8FDC-42A3-9474-1A3956D46DE8}") = "core", "core", "{DB59E706-4131-4D15-B179-A9E11EDECC8B}"
EndProject
Project("{2150E333-8FDC-42A3-9474-1A3956D46DE8}") = "backend", "backend", "{ADCF0E11-2620-4FD8-B7BE-81C5F8E8B3FD}"
EndProject
Project("{9A19103F-16F7-4668-BE54-9A1E7A4F7556}") = "Core.Application.ComandQueryBus", "Core.Application.ComandQueryBus\Core.Application.ComandQueryBus.csproj", "{C4A965C1-19F2-40C6-8B91-485C517A0465}"
EndProject
Project("{9A19103F-16F7-4668-BE54-9A1E7A4F7556}") = "Core.Application.Mapping", "Core.Application.Mapping\Core.Application.Mapping.csproj", "{8E2AE195-B6ED-486F-9901-0455874C5F64}"
EndProject
Project("{9A19103F-16F7-4668-BE54-9A1E7A4F7556}") = "Core.Application.Repositories", "Core.Application.Repositories\Core.Application.Repositories.csproj", "{8242997D-8A87-4345-8280-4B3FEE38C204}"
EndProject
Project("{9A19103F-16F7-4668-BE54-9A1E7A4F7556}") = "Core.Infraestructure.Repositories.MongoDb", "Core.Infraestructure.Repositories.MongoDb\Core.Infraestructure.Repositories.MongoDb.csproj", "{EEC75F20-2221-44A1-9144-604FB15A99DB}"
EndProject
Project("{9A19103F-16F7-4668-BE54-9A1E7A4F7556}") = "Core.Infraestructure.Repositories.Sql", "Core.Infraestructure.Repositories.Sql\Core.Infraestructure.Repositories.Sql.csproj", "{B0E64F61-884F-45A7-905B-A70D71439C09}"
EndProject
Project("{9A19103F-16F7-4668-BE54-9A1E7A4F7556}") = "Core.Domain", "Core.Domain\Core.Domain.csproj", "{7C878F20-BB69-4EF4-AF69-4540EEA5F246}"
EndProject
Global
	GlobalSection(SolutionConfigurationPlatforms) = preSolution
		Debug|Any CPU = Debug|Any CPU
		Release|Any CPU = Release|Any CPU
	EndGlobalSection
	GlobalSection(ProjectConfigurationPlatforms) = postSolution
		{A6AA3EB2-2143-4AA5-916E-519DC2B7C8AD}.Debug|Any CPU.ActiveCfg = Debug|Any CPU
		{A6AA3EB2-2143-4AA5-916E-519DC2B7C8AD}.Debug|Any CPU.Build.0 = Debug|Any CPU
		{A6AA3EB2-2143-4AA5-916E-519DC2B7C8AD}.Release|Any CPU.ActiveCfg = Release|Any CPU
		{A6AA3EB2-2143-4AA5-916E-519DC2B7C8AD}.Release|Any CPU.Build.0 = Release|Any CPU
		{EFB572FC-F0CA-4A1B-B172-B8C34E49A79A}.Debug|Any CPU.ActiveCfg = Debug|Any CPU
		{EFB572FC-F0CA-4A1B-B172-B8C34E49A79A}.Debug|Any CPU.Build.0 = Debug|Any CPU
		{EFB572FC-F0CA-4A1B-B172-B8C34E49A79A}.Release|Any CPU.ActiveCfg = Release|Any CPU
		{EFB572FC-F0CA-4A1B-B172-B8C34E49A79A}.Release|Any CPU.Build.0 = Release|Any CPU
		{1A0FA063-9AE1-49E9-B1BE-6F26BF167102}.Debug|Any CPU.ActiveCfg = Debug|Any CPU
		{1A0FA063-9AE1-49E9-B1BE-6F26BF167102}.Debug|Any CPU.Build.0 = Debug|Any CPU
		{1A0FA063-9AE1-49E9-B1BE-6F26BF167102}.Release|Any CPU.ActiveCfg = Release|Any CPU
		{1A0FA063-9AE1-49E9-B1BE-6F26BF167102}.Release|Any CPU.Build.0 = Release|Any CPU
		{7629E42A-694E-410D-810A-4523DA147CAC}.Debug|Any CPU.ActiveCfg = Debug|Any CPU
		{7629E42A-694E-410D-810A-4523DA147CAC}.Debug|Any CPU.Build.0 = Debug|Any CPU
		{7629E42A-694E-410D-810A-4523DA147CAC}.Release|Any CPU.ActiveCfg = Release|Any CPU
		{7629E42A-694E-410D-810A-4523DA147CAC}.Release|Any CPU.Build.0 = Release|Any CPU
		{C4A965C1-19F2-40C6-8B91-485C517A0465}.Debug|Any CPU.ActiveCfg = Debug|Any CPU
		{C4A965C1-19F2-40C6-8B91-485C517A0465}.Debug|Any CPU.Build.0 = Debug|Any CPU
		{C4A965C1-19F2-40C6-8B91-485C517A0465}.Release|Any CPU.ActiveCfg = Release|Any CPU
		{C4A965C1-19F2-40C6-8B91-485C517A0465}.Release|Any CPU.Build.0 = Release|Any CPU
		{8E2AE195-B6ED-486F-9901-0455874C5F64}.Debug|Any CPU.ActiveCfg = Debug|Any CPU
		{8E2AE195-B6ED-486F-9901-0455874C5F64}.Debug|Any CPU.Build.0 = Debug|Any CPU
		{8E2AE195-B6ED-486F-9901-0455874C5F64}.Release|Any CPU.ActiveCfg = Release|Any CPU
		{8E2AE195-B6ED-486F-9901-0455874C5F64}.Release|Any CPU.Build.0 = Release|Any CPU
		{8242997D-8A87-4345-8280-4B3FEE38C204}.Debug|Any CPU.ActiveCfg = Debug|Any CPU
		{8242997D-8A87-4345-8280-4B3FEE38C204}.Debug|Any CPU.Build.0 = Debug|Any CPU
		{8242997D-8A87-4345-8280-4B3FEE38C204}.Release|Any CPU.ActiveCfg = Release|Any CPU
		{8242997D-8A87-4345-8280-4B3FEE38C204}.Release|Any CPU.Build.0 = Release|Any CPU
		{EEC75F20-2221-44A1-9144-604FB15A99DB}.Debug|Any CPU.ActiveCfg = Debug|Any CPU
		{EEC75F20-2221-44A1-9144-604FB15A99DB}.Debug|Any CPU.Build.0 = Debug|Any CPU
		{EEC75F20-2221-44A1-9144-604FB15A99DB}.Release|Any CPU.ActiveCfg = Release|Any CPU
		{EEC75F20-2221-44A1-9144-604FB15A99DB}.Release|Any CPU.Build.0 = Release|Any CPU
		{B0E64F61-884F-45A7-905B-A70D71439C09}.Debug|Any CPU.ActiveCfg = Debug|Any CPU
		{B0E64F61-884F-45A7-905B-A70D71439C09}.Debug|Any CPU.Build.0 = Debug|Any CPU
		{B0E64F61-884F-45A7-905B-A70D71439C09}.Release|Any CPU.ActiveCfg = Release|Any CPU
		{B0E64F61-884F-45A7-905B-A70D71439C09}.Release|Any CPU.Build.0 = Release|Any CPU
		{7C878F20-BB69-4EF4-AF69-4540EEA5F246}.Debug|Any CPU.ActiveCfg = Debug|Any CPU
		{7C878F20-BB69-4EF4-AF69-4540EEA5F246}.Debug|Any CPU.Build.0 = Debug|Any CPU
		{7C878F20-BB69-4EF4-AF69-4540EEA5F246}.Release|Any CPU.ActiveCfg = Release|Any CPU
		{7C878F20-BB69-4EF4-AF69-4540EEA5F246}.Release|Any CPU.Build.0 = Release|Any CPU
	EndGlobalSection
	GlobalSection(SolutionProperties) = preSolution
		HideSolutionNode = FALSE
	EndGlobalSection
	GlobalSection(NestedProjects) = preSolution
		{A6AA3EB2-2143-4AA5-916E-519DC2B7C8AD} = {DB59E706-4131-4D15-B179-A9E11EDECC8B}
		{EFB572FC-F0CA-4A1B-B172-B8C34E49A79A} = {DB59E706-4131-4D15-B179-A9E11EDECC8B}
		{1A0FA063-9AE1-49E9-B1BE-6F26BF167102} = {DB59E706-4131-4D15-B179-A9E11EDECC8B}
		{7629E42A-694E-410D-810A-4523DA147CAC} = {FF4454B2-8C09-4D5D-A4A7-65DD0635E603}
		{FF4454B2-8C09-4D5D-A4A7-65DD0635E603} = {ADCF0E11-2620-4FD8-B7BE-81C5F8E8B3FD}
		{DB59E706-4131-4D15-B179-A9E11EDECC8B} = {ADCF0E11-2620-4FD8-B7BE-81C5F8E8B3FD}
		{ADCF0E11-2620-4FD8-B7BE-81C5F8E8B3FD} = {A8D7CD1B-3ACF-4B7E-8701-9F9FA0AE0C9F}
		{C4A965C1-19F2-40C6-8B91-485C517A0465} = {78ED68F3-7383-442C-8878-E9D54DFF4677}
		{8E2AE195-B6ED-486F-9901-0455874C5F64} = {78ED68F3-7383-442C-8878-E9D54DFF4677}
		{8242997D-8A87-4345-8280-4B3FEE38C204} = {78ED68F3-7383-442C-8878-E9D54DFF4677}
		{EEC75F20-2221-44A1-9144-604FB15A99DB} = {78ED68F3-7383-442C-8878-E9D54DFF4677}
		{B0E64F61-884F-45A7-905B-A70D71439C09} = {78ED68F3-7383-442C-8878-E9D54DFF4677}
		{7C878F20-BB69-4EF4-AF69-4540EEA5F246} = {78ED68F3-7383-442C-8878-E9D54DFF4677}
	EndGlobalSection
	GlobalSection(ExtensibilityGlobals) = postSolution
		SolutionGuid = {A579D3FB-B958-47E4-8ADB-D5F1E98FB5FF}
	EndGlobalSection
EndGlobal
